// !$*UTF8*$!
{
	archiveVersion = 1;
	classes = {
	};
	objectVersion = 48;
	objects = {

/* Begin PBXBuildFile section */
		8761A5E4F2F47B8BA8399FCA /* libPods-CustomizeAlertView.a in Frameworks */ = {isa = PBXBuildFile; fileRef = 18C5C09B988F6AF26941BF94 /* libPods-CustomizeAlertView.a */; };
		A30AE6BC21804E0100CC7E99 /* UIView+frameAdjust.m in Sources */ = {isa = PBXBuildFile; fileRef = A30AE6AC21804E0100CC7E99 /* UIView+frameAdjust.m */; };
		A30AE6BD21804E0100CC7E99 /* UIColor+Util.m in Sources */ = {isa = PBXBuildFile; fileRef = A30AE6AD21804E0100CC7E99 /* UIColor+Util.m */; };
		A30AE6E721804E8F00CC7E99 /* DeclareAbnormalAlertView.m in Sources */ = {isa = PBXBuildFile; fileRef = A30AE6E521804E8F00CC7E99 /* DeclareAbnormalAlertView.m */; };
		A30AE6ED21804ED500CC7E99 /* CQHUD.m in Sources */ = {isa = PBXBuildFile; fileRef = A30AE6EA21804ED500CC7E99 /* CQHUD.m */; };
		A30AE6EE21804ED500CC7E99 /* CQLoadingView.m in Sources */ = {isa = PBXBuildFile; fileRef = A30AE6EB21804ED500CC7E99 /* CQLoadingView.m */; };
		A30AE6F12180509000CC7E99 /* SecondViewController.m in Sources */ = {isa = PBXBuildFile; fileRef = A30AE6F02180509000CC7E99 /* SecondViewController.m */; };
		A31BB36D218041C3003DAA40 /* AppDelegate.m in Sources */ = {isa = PBXBuildFile; fileRef = A31BB36C218041C3003DAA40 /* AppDelegate.m */; };
		A31BB370218041C3003DAA40 /* ViewController.m in Sources */ = {isa = PBXBuildFile; fileRef = A31BB36F218041C3003DAA40 /* ViewController.m */; };
		A31BB373218041C3003DAA40 /* Main.storyboard in Resources */ = {isa = PBXBuildFile; fileRef = A31BB371218041C3003DAA40 /* Main.storyboard */; };
		A31BB375218041C4003DAA40 /* Assets.xcassets in Resources */ = {isa = PBXBuildFile; fileRef = A31BB374218041C4003DAA40 /* Assets.xcassets */; };
		A31BB378218041C4003DAA40 /* LaunchScreen.storyboard in Resources */ = {isa = PBXBuildFile; fileRef = A31BB376218041C4003DAA40 /* LaunchScreen.storyboard */; };
		A31BB37B218041C4003DAA40 /* main.m in Sources */ = {isa = PBXBuildFile; fileRef = A31BB37A218041C4003DAA40 /* main.m */; };
		A31BB385218041C4003DAA40 /* CustomizeAlertViewTests.m in Sources */ = {isa = PBXBuildFile; fileRef = A31BB384218041C4003DAA40 /* CustomizeAlertViewTests.m */; };
		A31BB390218041C4003DAA40 /* CustomizeAlertViewUITests.m in Sources */ = {isa = PBXBuildFile; fileRef = A31BB38F218041C4003DAA40 /* CustomizeAlertViewUITests.m */; };
/* End PBXBuildFile section */

/* Begin PBXContainerItemProxy section */
		A31BB381218041C4003DAA40 /* PBXContainerItemProxy */ = {
			isa = PBXContainerItemProxy;
			containerPortal = A31BB360218041C3003DAA40 /* Project object */;
			proxyType = 1;
			remoteGlobalIDString = A31BB367218041C3003DAA40;
			remoteInfo = CustomizeAlertView;
		};
		A31BB38C218041C4003DAA40 /* PBXContainerItemProxy */ = {
			isa = PBXContainerItemProxy;
			containerPortal = A31BB360218041C3003DAA40 /* Project object */;
			proxyType = 1;
			remoteGlobalIDString = A31BB367218041C3003DAA40;
			remoteInfo = CustomizeAlertView;
		};
/* End PBXContainerItemProxy section */

/* Begin PBXFileReference section */
		18C5C09B988F6AF26941BF94 /* libPods-CustomizeAlertView.a */ = {isa = PBXFileReference; explicitFileType = archive.ar; includeInIndex = 0; path = "libPods-CustomizeAlertView.a"; sourceTree = BUILT_PRODUCTS_DIR; };
		6CE35A015E85DEF92F857506 /* Pods-CustomizeAlertView.release.xcconfig */ = {isa = PBXFileReference; includeInIndex = 1; lastKnownFileType = text.xcconfig; name = "Pods-CustomizeAlertView.release.xcconfig"; path = "Pods/Target Support Files/Pods-CustomizeAlertView/Pods-CustomizeAlertView.release.xcconfig"; sourceTree = "<group>"; };
		779207F1488E343066BCD20C /* Pods-CustomizeAlertView.debug.xcconfig */ = {isa = PBXFileReference; includeInIndex = 1; lastKnownFileType = text.xcconfig; name = "Pods-CustomizeAlertView.debug.xcconfig"; path = "Pods/Target Support Files/Pods-CustomizeAlertView/Pods-CustomizeAlertView.debug.xcconfig"; sourceTree = "<group>"; };
		A30AE6AB21804E0100CC7E99 /* UIColor+Util.h */ = {isa = PBXFileReference; fileEncoding = 4; lastKnownFileType = sourcecode.c.h; path = "UIColor+Util.h"; sourceTree = "<group>"; };
		A30AE6AC21804E0100CC7E99 /* UIView+frameAdjust.m */ = {isa = PBXFileReference; fileEncoding = 4; lastKnownFileType = sourcecode.c.objc; path = "UIView+frameAdjust.m"; sourceTree = "<group>"; };
		A30AE6AD21804E0100CC7E99 /* UIColor+Util.m */ = {isa = PBXFileReference; fileEncoding = 4; lastKnownFileType = sourcecode.c.objc; path = "UIColor+Util.m"; sourceTree = "<group>"; };
		A30AE6AE21804E0100CC7E99 /* UIView+frameAdjust.h */ = {isa = PBXFileReference; fileEncoding = 4; lastKnownFileType = sourcecode.c.h; path = "UIView+frameAdjust.h"; sourceTree = "<group>"; };
		A30AE6E521804E8F00CC7E99 /* DeclareAbnormalAlertView.m */ = {isa = PBXFileReference; fileEncoding = 4; lastKnownFileType = sourcecode.c.objc; path = DeclareAbnormalAlertView.m; sourceTree = "<group>"; };
		A30AE6E621804E8F00CC7E99 /* DeclareAbnormalAlertView.h */ = {isa = PBXFileReference; fileEncoding = 4; lastKnownFileType = sourcecode.c.h; path = DeclareAbnormalAlertView.h; sourceTree = "<group>"; };
		A30AE6E921804ED500CC7E99 /* CQLoadingView.h */ = {isa = PBXFileReference; fileEncoding = 4; lastKnownFileType = sourcecode.c.h; path = CQLoadingView.h; sourceTree = "<group>"; };
		A30AE6EA21804ED500CC7E99 /* CQHUD.m */ = {isa = PBXFileReference; fileEncoding = 4; lastKnownFileType = sourcecode.c.objc; path = CQHUD.m; sourceTree = "<group>"; };
		A30AE6EB21804ED500CC7E99 /* CQLoadingView.m */ = {isa = PBXFileReference; fileEncoding = 4; lastKnownFileType = sourcecode.c.objc; path = CQLoadingView.m; sourceTree = "<group>"; };
		A30AE6EC21804ED500CC7E99 /* CQHUD.h */ = {isa = PBXFileReference; fileEncoding = 4; lastKnownFileType = sourcecode.c.h; path = CQHUD.h; sourceTree = "<group>"; };
		A30AE6EF2180509000CC7E99 /* SecondViewController.h */ = {isa = PBXFileReference; fileEncoding = 4; lastKnownFileType = sourcecode.c.h; path = SecondViewController.h; sourceTree = "<group>"; };
		A30AE6F02180509000CC7E99 /* SecondViewController.m */ = {isa = PBXFileReference; fileEncoding = 4; lastKnownFileType = sourcecode.c.objc; path = SecondViewController.m; sourceTree = "<group>"; };
		A31BB368218041C3003DAA40 /* CustomizeAlertView.app */ = {isa = PBXFileReference; explicitFileType = wrapper.application; includeInIndex = 0; path = CustomizeAlertView.app; sourceTree = BUILT_PRODUCTS_DIR; };
		A31BB36B218041C3003DAA40 /* AppDelegate.h */ = {isa = PBXFileReference; lastKnownFileType = sourcecode.c.h; path = AppDelegate.h; sourceTree = "<group>"; };
		A31BB36C218041C3003DAA40 /* AppDelegate.m */ = {isa = PBXFileReference; lastKnownFileType = sourcecode.c.objc; path = AppDelegate.m; sourceTree = "<group>"; };
		A31BB36E218041C3003DAA40 /* ViewController.h */ = {isa = PBXFileReference; lastKnownFileType = sourcecode.c.h; path = ViewController.h; sourceTree = "<group>"; };
		A31BB36F218041C3003DAA40 /* ViewController.m */ = {isa = PBXFileReference; lastKnownFileType = sourcecode.c.objc; path = ViewController.m; sourceTree = "<group>"; };
		A31BB372218041C3003DAA40 /* Base */ = {isa = PBXFileReference; lastKnownFileType = file.storyboard; name = Base; path = Base.lproj/Main.storyboard; sourceTree = "<group>"; };
		A31BB374218041C4003DAA40 /* Assets.xcassets */ = {isa = PBXFileReference; lastKnownFileType = folder.assetcatalog; path = Assets.xcassets; sourceTree = "<group>"; };
		A31BB377218041C4003DAA40 /* Base */ = {isa = PBXFileReference; lastKnownFileType = file.storyboard; name = Base; path = Base.lproj/LaunchScreen.storyboard; sourceTree = "<group>"; };
		A31BB379218041C4003DAA40 /* Info.plist */ = {isa = PBXFileReference; lastKnownFileType = text.plist.xml; path = Info.plist; sourceTree = "<group>"; };
		A31BB37A218041C4003DAA40 /* main.m */ = {isa = PBXFileReference; lastKnownFileType = sourcecode.c.objc; path = main.m; sourceTree = "<group>"; };
		A31BB380218041C4003DAA40 /* CustomizeAlertViewTests.xctest */ = {isa = PBXFileReference; explicitFileType = wrapper.cfbundle; includeInIndex = 0; path = CustomizeAlertViewTests.xctest; sourceTree = BUILT_PRODUCTS_DIR; };
		A31BB384218041C4003DAA40 /* CustomizeAlertViewTests.m */ = {isa = PBXFileReference; lastKnownFileType = sourcecode.c.objc; path = CustomizeAlertViewTests.m; sourceTree = "<group>"; };
		A31BB386218041C4003DAA40 /* Info.plist */ = {isa = PBXFileReference; lastKnownFileType = text.plist.xml; path = Info.plist; sourceTree = "<group>"; };
		A31BB38B218041C4003DAA40 /* CustomizeAlertViewUITests.xctest */ = {isa = PBXFileReference; explicitFileType = wrapper.cfbundle; includeInIndex = 0; path = CustomizeAlertViewUITests.xctest; sourceTree = BUILT_PRODUCTS_DIR; };
		A31BB38F218041C4003DAA40 /* CustomizeAlertViewUITests.m */ = {isa = PBXFileReference; lastKnownFileType = sourcecode.c.objc; path = CustomizeAlertViewUITests.m; sourceTree = "<group>"; };
		A31BB391218041C4003DAA40 /* Info.plist */ = {isa = PBXFileReference; lastKnownFileType = text.plist.xml; path = Info.plist; sourceTree = "<group>"; };
/* End PBXFileReference section */

/* Begin PBXFrameworksBuildPhase section */
		A31BB365218041C3003DAA40 /* Frameworks */ = {
			isa = PBXFrameworksBuildPhase;
			buildActionMask = 2147483647;
			files = (
				8761A5E4F2F47B8BA8399FCA /* libPods-CustomizeAlertView.a in Frameworks */,
			);
			runOnlyForDeploymentPostprocessing = 0;
		};
		A31BB37D218041C4003DAA40 /* Frameworks */ = {
			isa = PBXFrameworksBuildPhase;
			buildActionMask = 2147483647;
			files = (
			);
			runOnlyForDeploymentPostprocessing = 0;
		};
		A31BB388218041C4003DAA40 /* Frameworks */ = {
			isa = PBXFrameworksBuildPhase;
			buildActionMask = 2147483647;
			files = (
			);
			runOnlyForDeploymentPostprocessing = 0;
		};
/* End PBXFrameworksBuildPhase section */

/* Begin PBXGroup section */
		3C90B98145FF68800B7F783E /* Frameworks */ = {
			isa = PBXGroup;
			children = (
				18C5C09B988F6AF26941BF94 /* libPods-CustomizeAlertView.a */,
			);
			name = Frameworks;
			sourceTree = "<group>";
		};
		A30AE6AA21804E0100CC7E99 /* 常用代码库 */ = {
			isa = PBXGroup;
			children = (
				A30AE6AB21804E0100CC7E99 /* UIColor+Util.h */,
				A30AE6AC21804E0100CC7E99 /* UIView+frameAdjust.m */,
				A30AE6AD21804E0100CC7E99 /* UIColor+Util.m */,
				A30AE6AE21804E0100CC7E99 /* UIView+frameAdjust.h */,
			);
			path = "常用代码库";
			sourceTree = "<group>";
		};
		A30AE6E421804E6E00CC7E99 /* 带输入框的弹窗 */ = {
			isa = PBXGroup;
			children = (
				A30AE6E621804E8F00CC7E99 /* DeclareAbnormalAlertView.h */,
				A30AE6E521804E8F00CC7E99 /* DeclareAbnormalAlertView.m */,
			);
			path = "带输入框的弹窗";
			sourceTree = "<group>";
		};
		A30AE6E821804EB400CC7E99 /* HUD和test */ = {
			isa = PBXGroup;
			children = (
				A30AE6EC21804ED500CC7E99 /* CQHUD.h */,
				A30AE6EA21804ED500CC7E99 /* CQHUD.m */,
				A30AE6E921804ED500CC7E99 /* CQLoadingView.h */,
				A30AE6EB21804ED500CC7E99 /* CQLoadingView.m */,
			);
			path = "HUD和test";
			sourceTree = "<group>";
		};
		A31BB35F218041C3003DAA40 = {
			isa = PBXGroup;
			children = (
				A31BB36A218041C3003DAA40 /* CustomizeAlertView */,
				A31BB383218041C4003DAA40 /* CustomizeAlertViewTests */,
				A31BB38E218041C4003DAA40 /* CustomizeAlertViewUITests */,
				A31BB369218041C3003DAA40 /* Products */,
				B852E22B6F6067A19939D905 /* Pods */,
				3C90B98145FF68800B7F783E /* Frameworks */,
			);
			sourceTree = "<group>";
		};
		A31BB369218041C3003DAA40 /* Products */ = {
			isa = PBXGroup;
			children = (
				A31BB368218041C3003DAA40 /* CustomizeAlertView.app */,
				A31BB380218041C4003DAA40 /* CustomizeAlertViewTests.xctest */,
				A31BB38B218041C4003DAA40 /* CustomizeAlertViewUITests.xctest */,
			);
			name = Products;
			sourceTree = "<group>";
		};
		A31BB36A218041C3003DAA40 /* CustomizeAlertView */ = {
			isa = PBXGroup;
			children = (
				A30AE6AA21804E0100CC7E99 /* 常用代码库 */,
				A30AE6E421804E6E00CC7E99 /* 带输入框的弹窗 */,
				A30AE6E821804EB400CC7E99 /* HUD和test */,
				A31BB36B218041C3003DAA40 /* AppDelegate.h */,
				A31BB36C218041C3003DAA40 /* AppDelegate.m */,
				A31BB36E218041C3003DAA40 /* ViewController.h */,
				A31BB36F218041C3003DAA40 /* ViewController.m */,
				A30AE6EF2180509000CC7E99 /* SecondViewController.h */,
				A30AE6F02180509000CC7E99 /* SecondViewController.m */,
				A31BB371218041C3003DAA40 /* Main.storyboard */,
				A31BB374218041C4003DAA40 /* Assets.xcassets */,
				A31BB376218041C4003DAA40 /* LaunchScreen.storyboard */,
				A31BB379218041C4003DAA40 /* Info.plist */,
				A31BB37A218041C4003DAA40 /* main.m */,
			);
			path = CustomizeAlertView;
			sourceTree = "<group>";
		};
		A31BB383218041C4003DAA40 /* CustomizeAlertViewTests */ = {
			isa = PBXGroup;
			children = (
				A31BB384218041C4003DAA40 /* CustomizeAlertViewTests.m */,
				A31BB386218041C4003DAA40 /* Info.plist */,
			);
			path = CustomizeAlertViewTests;
			sourceTree = "<group>";
		};
		A31BB38E218041C4003DAA40 /* CustomizeAlertViewUITests */ = {
			isa = PBXGroup;
			children = (
				A31BB38F218041C4003DAA40 /* CustomizeAlertViewUITests.m */,
				A31BB391218041C4003DAA40 /* Info.plist */,
			);
			path = CustomizeAlertViewUITests;
			sourceTree = "<group>";
		};
		B852E22B6F6067A19939D905 /* Pods */ = {
			isa = PBXGroup;
			children = (
				779207F1488E343066BCD20C /* Pods-CustomizeAlertView.debug.xcconfig */,
				6CE35A015E85DEF92F857506 /* Pods-CustomizeAlertView.release.xcconfig */,
			);
			name = Pods;
			sourceTree = "<group>";
		};
/* End PBXGroup section */

/* Begin PBXNativeTarget section */
		A31BB367218041C3003DAA40 /* CustomizeAlertView */ = {
			isa = PBXNativeTarget;
			buildConfigurationList = A31BB394218041C4003DAA40 /* Build configuration list for PBXNativeTarget "CustomizeAlertView" */;
			buildPhases = (
				3893328B8AB45267F7409329 /* [CP] Check Pods Manifest.lock */,
				A31BB364218041C3003DAA40 /* Sources */,
				A31BB365218041C3003DAA40 /* Frameworks */,
				A31BB366218041C3003DAA40 /* Resources */,
				ABF18BE6FB759DBA6BF96AD6 /* [CP] Embed Pods Frameworks */,
				91CAD5C00D1A8FA7E3A3A87A /* [CP] Copy Pods Resources */,
			);
			buildRules = (
			);
			dependencies = (
			);
			name = CustomizeAlertView;
			productName = CustomizeAlertView;
			productReference = A31BB368218041C3003DAA40 /* CustomizeAlertView.app */;
			productType = "com.apple.product-type.application";
		};
		A31BB37F218041C4003DAA40 /* CustomizeAlertViewTests */ = {
			isa = PBXNativeTarget;
			buildConfigurationList = A31BB397218041C4003DAA40 /* Build configuration list for PBXNativeTarget "CustomizeAlertViewTests" */;
			buildPhases = (
				A31BB37C218041C4003DAA40 /* Sources */,
				A31BB37D218041C4003DAA40 /* Frameworks */,
				A31BB37E218041C4003DAA40 /* Resources */,
			);
			buildRules = (
			);
			dependencies = (
				A31BB382218041C4003DAA40 /* PBXTargetDependency */,
			);
			name = CustomizeAlertViewTests;
			productName = CustomizeAlertViewTests;
			productReference = A31BB380218041C4003DAA40 /* CustomizeAlertViewTests.xctest */;
			productType = "com.apple.product-type.bundle.unit-test";
		};
		A31BB38A218041C4003DAA40 /* CustomizeAlertViewUITests */ = {
			isa = PBXNativeTarget;
			buildConfigurationList = A31BB39A218041C4003DAA40 /* Build configuration list for PBXNativeTarget "CustomizeAlertViewUITests" */;
			buildPhases = (
				A31BB387218041C4003DAA40 /* Sources */,
				A31BB388218041C4003DAA40 /* Frameworks */,
				A31BB389218041C4003DAA40 /* Resources */,
			);
			buildRules = (
			);
			dependencies = (
				A31BB38D218041C4003DAA40 /* PBXTargetDependency */,
			);
			name = CustomizeAlertViewUITests;
			productName = CustomizeAlertViewUITests;
			productReference = A31BB38B218041C4003DAA40 /* CustomizeAlertViewUITests.xctest */;
			productType = "com.apple.product-type.bundle.ui-testing";
		};
/* End PBXNativeTarget section */

/* Begin PBXProject section */
		A31BB360218041C3003DAA40 /* Project object */ = {
			isa = PBXProject;
			attributes = {
				LastUpgradeCheck = 1000;
				ORGANIZATIONNAME = andacx;
				TargetAttributes = {
					A31BB367218041C3003DAA40 = {
						CreatedOnToolsVersion = 10.0;
						ProvisioningStyle = Automatic;
					};
					A31BB37F218041C4003DAA40 = {
						CreatedOnToolsVersion = 10.0;
						ProvisioningStyle = Automatic;
						TestTargetID = A31BB367218041C3003DAA40;
					};
					A31BB38A218041C4003DAA40 = {
						CreatedOnToolsVersion = 10.0;
						ProvisioningStyle = Automatic;
						TestTargetID = A31BB367218041C3003DAA40;
					};
				};
			};
			buildConfigurationList = A31BB363218041C3003DAA40 /* Build configuration list for PBXProject "CustomizeAlertView" */;
			compatibilityVersion = "Xcode 8.0";
			developmentRegion = en;
			hasScannedForEncodings = 0;
			knownRegions = (
				en,
				Base,
			);
			mainGroup = A31BB35F218041C3003DAA40;
			productRefGroup = A31BB369218041C3003DAA40 /* Products */;
			projectDirPath = "";
			projectRoot = "";
			targets = (
				A31BB367218041C3003DAA40 /* CustomizeAlertView */,
				A31BB37F218041C4003DAA40 /* CustomizeAlertViewTests */,
				A31BB38A218041C4003DAA40 /* CustomizeAlertViewUITests */,
			);
		};
/* End PBXProject section */

/* Begin PBXResourcesBuildPhase section */
		A31BB366218041C3003DAA40 /* Resources */ = {
			isa = PBXResourcesBuildPhase;
			buildActionMask = 2147483647;
			files = (
				A31BB378218041C4003DAA40 /* LaunchScreen.storyboard in Resources */,
				A31BB375218041C4003DAA40 /* Assets.xcassets in Resources */,
				A31BB373218041C3003DAA40 /* Main.storyboard in Resources */,
			);
			runOnlyForDeploymentPostprocessing = 0;
		};
		A31BB37E218041C4003DAA40 /* Resources */ = {
			isa = PBXResourcesBuildPhase;
			buildActionMask = 2147483647;
			files = (
			);
			runOnlyForDeploymentPostprocessing = 0;
		};
		A31BB389218041C4003DAA40 /* Resources */ = {
			isa = PBXResourcesBuildPhase;
			buildActionMask = 2147483647;
			files = (
			);
			runOnlyForDeploymentPostprocessing = 0;
		};
/* End PBXResourcesBuildPhase section */

/* Begin PBXShellScriptBuildPhase section */
		3893328B8AB45267F7409329 /* [CP] Check Pods Manifest.lock */ = {
			isa = PBXShellScriptBuildPhase;
			buildActionMask = 2147483647;
			files = (
			);
			inputPaths = (
				"${PODS_PODFILE_DIR_PATH}/Podfile.lock",
				"${PODS_ROOT}/Manifest.lock",
			);
			name = "[CP] Check Pods Manifest.lock";
			outputPaths = (
				"$(DERIVED_FILE_DIR)/Pods-CustomizeAlertView-checkManifestLockResult.txt",
			);
			runOnlyForDeploymentPostprocessing = 0;
			shellPath = /bin/sh;
			shellScript = "diff \"${PODS_PODFILE_DIR_PATH}/Podfile.lock\" \"${PODS_ROOT}/Manifest.lock\" > /dev/null\nif [ $? != 0 ] ; then\n    # print error to STDERR\n    echo \"error: The sandbox is not in sync with the Podfile.lock. Run 'pod install' or update your CocoaPods installation.\" >&2\n    exit 1\nfi\n# This output is used by Xcode 'outputs' to avoid re-running this script phase.\necho \"SUCCESS\" > \"${SCRIPT_OUTPUT_FILE_0}\"\n";
			showEnvVarsInLog = 0;
		};
		91CAD5C00D1A8FA7E3A3A87A /* [CP] Copy Pods Resources */ = {
			isa = PBXShellScriptBuildPhase;
			buildActionMask = 2147483647;
			files = (
			);
			inputPaths = (
			);
			name = "[CP] Copy Pods Resources";
			outputPaths = (
			);
			runOnlyForDeploymentPostprocessing = 0;
			shellPath = /bin/sh;
			shellScript = "\"${SRCROOT}/Pods/Target Support Files/Pods-CustomizeAlertView/Pods-CustomizeAlertView-resources.sh\"\n";
			showEnvVarsInLog = 0;
		};
		ABF18BE6FB759DBA6BF96AD6 /* [CP] Embed Pods Frameworks */ = {
			isa = PBXShellScriptBuildPhase;
			buildActionMask = 2147483647;
			files = (
			);
			inputPaths = (
			);
			name = "[CP] Embed Pods Frameworks";
			outputPaths = (
			);
			runOnlyForDeploymentPostprocessing = 0;
			shellPath = /bin/sh;
			shellScript = "\"${SRCROOT}/Pods/Target Support Files/Pods-CustomizeAlertView/Pods-CustomizeAlertView-frameworks.sh\"\n";
			showEnvVarsInLog = 0;
		};
/* End PBXShellScriptBuildPhase section */

/* Begin PBXSourcesBuildPhase section */
		A31BB364218041C3003DAA40 /* Sources */ = {
			isa = PBXSourcesBuildPhase;
			buildActionMask = 2147483647;
			files = (
				A30AE6F12180509000CC7E99 /* SecondViewController.m in Sources */,
				A30AE6ED21804ED500CC7E99 /* CQHUD.m in Sources */,
				A31BB370218041C3003DAA40 /* ViewController.m in Sources */,
				A30AE6BD21804E0100CC7E99 /* UIColor+Util.m in Sources */,
				A31BB37B218041C4003DAA40 /* main.m in Sources */,
				A31BB36D218041C3003DAA40 /* AppDelegate.m in Sources */,
				A30AE6E721804E8F00CC7E99 /* DeclareAbnormalAlertView.m in Sources */,
				A30AE6BC21804E0100CC7E99 /* UIView+frameAdjust.m in Sources */,
				A30AE6EE21804ED500CC7E99 /* CQLoadingView.m in Sources */,
			);
			runOnlyForDeploymentPostprocessing = 0;
		};
		A31BB37C218041C4003DAA40 /* Sources */ = {
			isa = PBXSourcesBuildPhase;
			buildActionMask = 2147483647;
			files = (
				A31BB385218041C4003DAA40 /* CustomizeAlertViewTests.m in Sources */,
			);
			runOnlyForDeploymentPostprocessing = 0;
		};
		A31BB387218041C4003DAA40 /* Sources */ = {
			isa = PBXSourcesBuildPhase;
			buildActionMask = 2147483647;
			files = (
				A31BB390218041C4003DAA40 /* CustomizeAlertViewUITests.m in Sources */,
			);
			runOnlyForDeploymentPostprocessing = 0;
		};
/* End PBXSourcesBuildPhase section */

/* Begin PBXTargetDependency section */
		A31BB382218041C4003DAA40 /* PBXTargetDependency */ = {
			isa = PBXTargetDependency;
			target = A31BB367218041C3003DAA40 /* CustomizeAlertView */;
			targetProxy = A31BB381218041C4003DAA40 /* PBXContainerItemProxy */;
		};
		A31BB38D218041C4003DAA40 /* PBXTargetDependency */ = {
			isa = PBXTargetDependency;
			target = A31BB367218041C3003DAA40 /* CustomizeAlertView */;
			targetProxy = A31BB38C218041C4003DAA40 /* PBXContainerItemProxy */;
		};
/* End PBXTargetDependency section */

/* Begin PBXVariantGroup section */
		A31BB371218041C3003DAA40 /* Main.storyboard */ = {
			isa = PBXVariantGroup;
			children = (
				A31BB372218041C3003DAA40 /* Base */,
			);
			name = Main.storyboard;
			sourceTree = "<group>";
		};
		A31BB376218041C4003DAA40 /* LaunchScreen.storyboard */ = {
			isa = PBXVariantGroup;
			children = (
				A31BB377218041C4003DAA40 /* Base */,
			);
			name = LaunchScreen.storyboard;
			sourceTree = "<group>";
		};
/* End PBXVariantGroup section */

/* Begin XCBuildConfiguration section */
		A31BB392218041C4003DAA40 /* Debug */ = {
			isa = XCBuildConfiguration;
			buildSettings = {
				ALWAYS_SEARCH_USER_PATHS = NO;
				CLANG_ANALYZER_NONNULL = YES;
				CLANG_ANALYZER_NUMBER_OBJECT_CONVERSION = YES_AGGRESSIVE;
				CLANG_CXX_LANGUAGE_STANDARD = "gnu++14";
				CLANG_CXX_LIBRARY = "libc++";
				CLANG_ENABLE_MODULES = YES;
				CLANG_ENABLE_OBJC_ARC = YES;
				CLANG_ENABLE_OBJC_WEAK = YES;
				CLANG_WARN_BLOCK_CAPTURE_AUTORELEASING = YES;
				CLANG_WARN_BOOL_CONVERSION = YES;
				CLANG_WARN_COMMA = YES;
				CLANG_WARN_CONSTANT_CONVERSION = YES;
				CLANG_WARN_DEPRECATED_OBJC_IMPLEMENTATIONS = YES;
				CLANG_WARN_DIRECT_OBJC_ISA_USAGE = YES_ERROR;
				CLANG_WARN_DOCUMENTATION_COMMENTS = YES;
				CLANG_WARN_EMPTY_BODY = YES;
				CLANG_WARN_ENUM_CONVERSION = YES;
				CLANG_WARN_INFINITE_RECURSION = YES;
				CLANG_WARN_INT_CONVERSION = YES;
				CLANG_WARN_NON_LITERAL_NULL_CONVERSION = YES;
				CLANG_WARN_OBJC_IMPLICIT_RETAIN_SELF = YES;
				CLANG_WARN_OBJC_LITERAL_CONVERSION = YES;
				CLANG_WARN_OBJC_ROOT_CLASS = YES_ERROR;
				CLANG_WARN_RANGE_LOOP_ANALYSIS = YES;
				CLANG_WARN_STRICT_PROTOTYPES = YES;
				CLANG_WARN_SUSPICIOUS_MOVE = YES;
				CLANG_WARN_UNGUARDED_AVAILABILITY = YES_AGGRESSIVE;
				CLANG_WARN_UNREACHABLE_CODE = YES;
				CLANG_WARN__DUPLICATE_METHOD_MATCH = YES;
				CODE_SIGN_IDENTITY = "iPhone Developer";
				COPY_PHASE_STRIP = NO;
				DEBUG_INFORMATION_FORMAT = dwarf;
				ENABLE_STRICT_OBJC_MSGSEND = YES;
				ENABLE_TESTABILITY = YES;
				GCC_C_LANGUAGE_STANDARD = gnu11;
				GCC_DYNAMIC_NO_PIC = NO;
				GCC_NO_COMMON_BLOCKS = YES;
				GCC_OPTIMIZATION_LEVEL = 0;
				GCC_PREPROCESSOR_DEFINITIONS = (
					"DEBUG=1",
					"$(inherited)",
				);
				GCC_WARN_64_TO_32_BIT_CONVERSION = YES;
				GCC_WARN_ABOUT_RETURN_TYPE = YES_ERROR;
				GCC_WARN_UNDECLARED_SELECTOR = YES;
				GCC_WARN_UNINITIALIZED_AUTOS = YES_AGGRESSIVE;
				GCC_WARN_UNUSED_FUNCTION = YES;
				GCC_WARN_UNUSED_VARIABLE = YES;
				IPHONEOS_DEPLOYMENT_TARGET = 12.0;
				MTL_ENABLE_DEBUG_INFO = INCLUDE_SOURCE;
				MTL_FAST_MATH = YES;
				ONLY_ACTIVE_ARCH = YES;
				SDKROOT = iphoneos;
			};
			name = Debug;
		};
		A31BB393218041C4003DAA40 /* Release */ = {
			isa = XCBuildConfiguration;
			buildSettings = {
				ALWAYS_SEARCH_USER_PATHS = NO;
				CLANG_ANALYZER_NONNULL = YES;
				CLANG_ANALYZER_NUMBER_OBJECT_CONVERSION = YES_AGGRESSIVE;
				CLANG_CXX_LANGUAGE_STANDARD = "gnu++14";
				CLANG_CXX_LIBRARY = "libc++";
				CLANG_ENABLE_MODULES = YES;
				CLANG_ENABLE_OBJC_ARC = YES;
				CLANG_ENABLE_OBJC_WEAK = YES;
				CLANG_WARN_BLOCK_CAPTURE_AUTORELEASING = YES;
				CLANG_WARN_BOOL_CONVERSION = YES;
				CLANG_WARN_COMMA = YES;
				CLANG_WARN_CONSTANT_CONVERSION = YES;
				CLANG_WARN_DEPRECATED_OBJC_IMPLEMENTATIONS = YES;
				CLANG_WARN_DIRECT_OBJC_ISA_USAGE = YES_ERROR;
				CLANG_WARN_DOCUMENTATION_COMMENTS = YES;
				CLANG_WARN_EMPTY_BODY = YES;
				CLANG_WARN_ENUM_CONVERSION = YES;
				CLANG_WARN_INFINITE_RECURSION = YES;
				CLANG_WARN_INT_CONVERSION = YES;
				CLANG_WARN_NON_LITERAL_NULL_CONVERSION = YES;
				CLANG_WARN_OBJC_IMPLICIT_RETAIN_SELF = YES;
				CLANG_WARN_OBJC_LITERAL_CONVERSION = YES;
				CLANG_WARN_OBJC_ROOT_CLASS = YES_ERROR;
				CLANG_WARN_RANGE_LOOP_ANALYSIS = YES;
				CLANG_WARN_STRICT_PROTOTYPES = YES;
				CLANG_WARN_SUSPICIOUS_MOVE = YES;
				CLANG_WARN_UNGUARDED_AVAILABILITY = YES_AGGRESSIVE;
				CLANG_WARN_UNREACHABLE_CODE = YES;
				CLANG_WARN__DUPLICATE_METHOD_MATCH = YES;
				CODE_SIGN_IDENTITY = "iPhone Developer";
				COPY_PHASE_STRIP = NO;
				DEBUG_INFORMATION_FORMAT = "dwarf-with-dsym";
				ENABLE_NS_ASSERTIONS = NO;
				ENABLE_STRICT_OBJC_MSGSEND = YES;
				GCC_C_LANGUAGE_STANDARD = gnu11;
				GCC_NO_COMMON_BLOCKS = YES;
				GCC_WARN_64_TO_32_BIT_CONVERSION = YES;
				GCC_WARN_ABOUT_RETURN_TYPE = YES_ERROR;
				GCC_WARN_UNDECLARED_SELECTOR = YES;
				GCC_WARN_UNINITIALIZED_AUTOS = YES_AGGRESSIVE;
				GCC_WARN_UNUSED_FUNCTION = YES;
				GCC_WARN_UNUSED_VARIABLE = YES;
				IPHONEOS_DEPLOYMENT_TARGET = 12.0;
				MTL_ENABLE_DEBUG_INFO = NO;
				MTL_FAST_MATH = YES;
				SDKROOT = iphoneos;
				VALIDATE_PRODUCT = YES;
			};
			name = Release;
		};
		A31BB395218041C4003DAA40 /* Debug */ = {
			isa = XCBuildConfiguration;
			baseConfigurationReference = 779207F1488E343066BCD20C /* Pods-CustomizeAlertView.debug.xcconfig */;
			buildSettings = {
				ASSETCATALOG_COMPILER_APPICON_NAME = AppIcon;
				CODE_SIGN_STYLE = Automatic;
				INFOPLIST_FILE = CustomizeAlertView/Info.plist;
				LD_RUNPATH_SEARCH_PATHS = "$(inherited) @executable_path/Frameworks";
				PRODUCT_BUNDLE_IDENTIFIER = andacx.CustomizeAlertView;
				PRODUCT_NAME = "$(TARGET_NAME)";
				TARGETED_DEVICE_FAMILY = "1,2";
			};
			name = Debug;
		};
		A31BB396218041C4003DAA40 /* Release */ = {
			isa = XCBuildConfiguration;
			baseConfigurationReference = 6CE35A015E85DEF92F857506 /* Pods-CustomizeAlertView.release.xcconfig */;
			buildSettings = {
				ASSETCATALOG_COMPILER_APPICON_NAME = AppIcon;
				CODE_SIGN_STYLE = Automatic;
				INFOPLIST_FILE = CustomizeAlertView/Info.plist;
				LD_RUNPATH_SEARCH_PATHS = "$(inherited) @executable_path/Frameworks";
				PRODUCT_BUNDLE_IDENTIFIER = andacx.CustomizeAlertView;
				PRODUCT_NAME = "$(TARGET_NAME)";
				TARGETED_DEVICE_FAMILY = "1,2";
			};
			name = Release;
		};
		A31BB398218041C4003DAA40 /* Debug */ = {
			isa = XCBuildConfiguration;
			buildSettings = {
				BUNDLE_LOADER = "$(TEST_HOST)";
				CODE_SIGN_STYLE = Automatic;
				INFOPLIST_FILE = CustomizeAlertViewTests/Info.plist;
				LD_RUNPATH_SEARCH_PATHS = "$(inherited) @executable_path/Frameworks @loader_path/Frameworks";
				PRODUCT_BUNDLE_IDENTIFIER = andacx.CustomizeAlertViewTests;
				PRODUCT_NAME = "$(TARGET_NAME)";
				TARGETED_DEVICE_FAMILY = "1,2";
				TEST_HOST = "$(BUILT_PRODUCTS_DIR)/CustomizeAlertView.app/CustomizeAlertView";
			};
			name = Debug;
		};
		A31BB399218041C4003DAA40 /* Release */ = {
			isa = XCBuildConfiguration;
			buildSettings = {
				BUNDLE_LOADER = "$(TEST_HOST)";
				CODE_SIGN_STYLE = Automatic;
				INFOPLIST_FILE = CustomizeAlertViewTests/Info.plist;
				LD_RUNPATH_SEARCH_PATHS = "$(inherited) @executable_path/Frameworks @loader_path/Frameworks";
				PRODUCT_BUNDLE_IDENTIFIER = andacx.CustomizeAlertViewTests;
				PRODUCT_NAME = "$(TARGET_NAME)";
				TARGETED_DEVICE_FAMILY = "1,2";
				TEST_HOST = "$(BUILT_PRODUCTS_DIR)/CustomizeAlertView.app/CustomizeAlertView";
			};
			name = Release;
		};
		A31BB39B218041C4003DAA40 /* Debug */ = {
			isa = XCBuildConfiguration;
			buildSettings = {
				CODE_SIGN_STYLE = Automatic;
				INFOPLIST_FILE = CustomizeAlertViewUITests/Info.plist;
				LD_RUNPATH_SEARCH_PATHS = "$(inherited) @executable_path/Frameworks @loader_path/Frameworks";
				PRODUCT_BUNDLE_IDENTIFIER = andacx.CustomizeAlertViewUITests;
				PRODUCT_NAME = "$(TARGET_NAME)";
				TARGETED_DEVICE_FAMILY = "1,2";
				TEST_TARGET_NAME = CustomizeAlertView;
			};
			name = Debug;
		};
		A31BB39C218041C4003DAA40 /* Release */ = {
			isa = XCBuildConfiguration;
			buildSettings = {
				CODE_SIGN_STYLE = Automatic;
				INFOPLIST_FILE = CustomizeAlertViewUITests/Info.plist;
				LD_RUNPATH_SEARCH_PATHS = "$(inherited) @executable_path/Frameworks @loader_path/Frameworks";
				PRODUCT_BUNDLE_IDENTIFIER = andacx.CustomizeAlertViewUITests;
				PRODUCT_NAME = "$(TARGET_NAME)";
				TARGETED_DEVICE_FAMILY = "1,2";
				TEST_TARGET_NAME = CustomizeAlertView;
			};
			name = Release;
		};
/* End XCBuildConfiguration section */

/* Begin XCConfigurationList section */
		A31BB363218041C3003DAA40 /* Build configuration list for PBXProject "CustomizeAlertView" */ = {
			isa = XCConfigurationList;
			buildConfigurations = (
				A31BB392218041C4003DAA40 /* Debug */,
				A31BB393218041C4003DAA40 /* Release */,
			);
			defaultConfigurationIsVisible = 0;
			defaultConfigurationName = Release;
		};
		A31BB394218041C4003DAA40 /* Build configuration list for PBXNativeTarget "CustomizeAlertView" */ = {
			isa = XCConfigurationList;
			buildConfigurations = (
				A31BB395218041C4003DAA40 /* Debug */,
				A31BB396218041C4003DAA40 /* Release */,
			);
			defaultConfigurationIsVisible = 0;
			defaultConfigurationName = Release;
		};
		A31BB397218041C4003DAA40 /* Build configuration list for PBXNativeTarget "CustomizeAlertViewTests" */ = {
			isa = XCConfigurationList;
			buildConfigurations = (
				A31BB398218041C4003DAA40 /* Debug */,
				A31BB399218041C4003DAA40 /* Release */,
			);
			defaultConfigurationIsVisible = 0;
			defaultConfigurationName = Release;
		};
		A31BB39A218041C4003DAA40 /* Build configuration list for PBXNativeTarget "CustomizeAlertViewUITests" */ = {
			isa = XCConfigurationList;
			buildConfigurations = (
				A31BB39B218041C4003DAA40 /* Debug */,
				A31BB39C218041C4003DAA40 /* Release */,
			);
			defaultConfigurationIsVisible = 0;
			defaultConfigurationName = Release;
		};
/* End XCConfigurationList section */
	};
	rootObject = A31BB360218041C3003DAA40 /* Project object */;
}
